
Microsoft Visual Studio Solution File, Format Version 12.00
# Visual Studio Version 16
VisualStudioVersion = 16.0.31911.196
MinimumVisualStudioVersion = 10.0.40219.1
Project("{9A19103F-16F7-4668-BE54-9A1E7A4F7556}") = "Archive", "Archive.csproj", "{4F4E7BDC-B379-4533-B391-DCF8A136FC4A}"
EndProject
Global
	GlobalSection(SolutionConfigurationPlatforms) = preSolution
		Debug|Any CPU = Debug|Any CPU
		Release|Any CPU = Release|Any CPU
	EndGlobalSection
	GlobalSection(ProjectConfigurationPlatforms) = postSolution
		{4F4E7BDC-B379-4533-B391-DCF8A136FC4A}.Debug|Any CPU.ActiveCfg = Debug|Any CPU
		{4F4E7BDC-B379-4533-B391-DCF8A136FC4A}.Debug|Any CPU.Build.0 = Debug|Any CPU
		{4F4E7BDC-B379-4533-B391-DCF8A136FC4A}.Release|Any CPU.ActiveCfg = Release|Any CPU
		{4F4E7BDC-B379-4533-B391-DCF8A136FC4A}.Release|Any CPU.Build.0 = Release|Any CPU
	EndGlobalSection
	GlobalSection(SolutionProperties) = preSolution
		HideSolutionNode = FALSE
	EndGlobalSection
	GlobalSection(ExtensibilityGlobals) = postSolution
		SolutionGuid = {72707829-0E02-401F-B0A6-DCEE47FCE901}
	EndGlobalSection
EndGlobal
